
Microsoft Visual Studio Solution File, Format Version 12.00
# Visual Studio 15
VisualStudioVersion = 15.0.28010.2041
MinimumVisualStudioVersion = 10.0.40219.1
Project("{9A19103F-16F7-4668-BE54-9A1E7A4F7556}") = "NHKEasy", "NHKEasy\NHKEasy.csproj", "{2235EF71-027A-4873-AD80-0BB469C71385}"
EndProject
Global
	GlobalSection(SolutionConfigurationPlatforms) = preSolution
		Debug|Any CPU = Debug|Any CPU
		Release|Any CPU = Release|Any CPU
	EndGlobalSection
	GlobalSection(ProjectConfigurationPlatforms) = postSolution
		{2235EF71-027A-4873-AD80-0BB469C71385}.Debug|Any CPU.ActiveCfg = Debug|Any CPU
		{2235EF71-027A-4873-AD80-0BB469C71385}.Debug|Any CPU.Build.0 = Debug|Any CPU
		{2235EF71-027A-4873-AD80-0BB469C71385}.Release|Any CPU.ActiveCfg = Release|Any CPU
		{2235EF71-027A-4873-AD80-0BB469C71385}.Release|Any CPU.Build.0 = Release|Any CPU
	EndGlobalSection
	GlobalSection(SolutionProperties) = preSolution
		HideSolutionNode = FALSE
	EndGlobalSection
	GlobalSection(ExtensibilityGlobals) = postSolution
		SolutionGuid = {23F770E1-029C-4CAE-B4F3-A94EB49CF739}
	EndGlobalSection
EndGlobal
